
Microsoft Visual Studio Solution File, Format Version 12.00
# Visual Studio Version 17
VisualStudioVersion = 17.13.35806.99
MinimumVisualStudioVersion = 10.0.40219.1
Project("{FAE04EC0-301F-11D3-BF4B-00C04F79EFBC}") = "Session1", "Session1.csproj", "{2F2A3DF1-855E-41D8-A6B7-8EC987877172}"
EndProject
Project("{FAE04EC0-301F-11D3-BF4B-00C04F79EFBC}") = "Sample_classes", "..\Sample_classes\Sample_classes.csproj", "{ECA3B0F9-5862-4F07-9617-CD73C1AD2F07}"
EndProject
Global
	GlobalSection(SolutionConfigurationPlatforms) = preSolution
		Debug|Any CPU = Debug|Any CPU
		Release|Any CPU = Release|Any CPU
	EndGlobalSection
	GlobalSection(ProjectConfigurationPlatforms) = postSolution
		{2F2A3DF1-855E-41D8-A6B7-8EC987877172}.Debug|Any CPU.ActiveCfg = Debug|Any CPU
		{2F2A3DF1-855E-41D8-A6B7-8EC987877172}.Debug|Any CPU.Build.0 = Debug|Any CPU
		{2F2A3DF1-855E-41D8-A6B7-8EC987877172}.Release|Any CPU.ActiveCfg = Release|Any CPU
		{2F2A3DF1-855E-41D8-A6B7-8EC987877172}.Release|Any CPU.Build.0 = Release|Any CPU
		{ECA3B0F9-5862-4F07-9617-CD73C1AD2F07}.Debug|Any CPU.ActiveCfg = Debug|Any CPU
		{ECA3B0F9-5862-4F07-9617-CD73C1AD2F07}.Debug|Any CPU.Build.0 = Debug|Any CPU
		{ECA3B0F9-5862-4F07-9617-CD73C1AD2F07}.Release|Any CPU.ActiveCfg = Release|Any CPU
		{ECA3B0F9-5862-4F07-9617-CD73C1AD2F07}.Release|Any CPU.Build.0 = Release|Any CPU
	EndGlobalSection
	GlobalSection(SolutionProperties) = preSolution
		HideSolutionNode = FALSE
	EndGlobalSection
	GlobalSection(ExtensibilityGlobals) = postSolution
		SolutionGuid = {24377BA4-2D96-49F9-A7A2-447ED3E6F7AA}
	EndGlobalSection
EndGlobal
