
Microsoft Visual Studio Solution File, Format Version 12.00
# Visual Studio Version 17
VisualStudioVersion = 17.13.35806.99 d17.13
MinimumVisualStudioVersion = 10.0.40219.1
Project("{FAE04EC0-301F-11D3-BF4B-00C04F79EFBC}") = "UnitTesting_1", "UnitTesting_1.csproj", "{5A40D292-8F7D-4EC6-81EB-5DBB1493C5C2}"
EndProject
Project("{FAE04EC0-301F-11D3-BF4B-00C04F79EFBC}") = "UnitTesting_1Tests", "..\UnitTesting_1Tests\UnitTesting_1Tests.csproj", "{B4D5CB3C-F1FE-45BA-AE29-1841C501C4AB}"
EndProject
Global
	GlobalSection(SolutionConfigurationPlatforms) = preSolution
		Debug|Any CPU = Debug|Any CPU
		Release|Any CPU = Release|Any CPU
	EndGlobalSection
	GlobalSection(ProjectConfigurationPlatforms) = postSolution
		{5A40D292-8F7D-4EC6-81EB-5DBB1493C5C2}.Debug|Any CPU.ActiveCfg = Debug|Any CPU
		{5A40D292-8F7D-4EC6-81EB-5DBB1493C5C2}.Debug|Any CPU.Build.0 = Debug|Any CPU
		{5A40D292-8F7D-4EC6-81EB-5DBB1493C5C2}.Release|Any CPU.ActiveCfg = Release|Any CPU
		{5A40D292-8F7D-4EC6-81EB-5DBB1493C5C2}.Release|Any CPU.Build.0 = Release|Any CPU
		{B4D5CB3C-F1FE-45BA-AE29-1841C501C4AB}.Debug|Any CPU.ActiveCfg = Debug|Any CPU
		{B4D5CB3C-F1FE-45BA-AE29-1841C501C4AB}.Debug|Any CPU.Build.0 = Debug|Any CPU
		{B4D5CB3C-F1FE-45BA-AE29-1841C501C4AB}.Release|Any CPU.ActiveCfg = Release|Any CPU
		{B4D5CB3C-F1FE-45BA-AE29-1841C501C4AB}.Release|Any CPU.Build.0 = Release|Any CPU
	EndGlobalSection
	GlobalSection(SolutionProperties) = preSolution
		HideSolutionNode = FALSE
	EndGlobalSection
	GlobalSection(ExtensibilityGlobals) = postSolution
		SolutionGuid = {5EFF3B2A-E9DF-4692-9B95-9DF3E73C747F}
	EndGlobalSection
EndGlobal
