
Microsoft Visual Studio Solution File, Format Version 12.00
# Visual Studio Version 17
VisualStudioVersion = 17.13.35806.99 d17.13
MinimumVisualStudioVersion = 10.0.40219.1
Project("{FAE04EC0-301F-11D3-BF4B-00C04F79EFBC}") = "Inhheritance_examples_programs", "Inhheritance_examples_programs.csproj", "{E4503019-148C-4414-879C-6D0F617A8D03}"
EndProject
Global
	GlobalSection(SolutionConfigurationPlatforms) = preSolution
		Debug|Any CPU = Debug|Any CPU
		Release|Any CPU = Release|Any CPU
	EndGlobalSection
	GlobalSection(ProjectConfigurationPlatforms) = postSolution
		{E4503019-148C-4414-879C-6D0F617A8D03}.Debug|Any CPU.ActiveCfg = Debug|Any CPU
		{E4503019-148C-4414-879C-6D0F617A8D03}.Debug|Any CPU.Build.0 = Debug|Any CPU
		{E4503019-148C-4414-879C-6D0F617A8D03}.Release|Any CPU.ActiveCfg = Release|Any CPU
		{E4503019-148C-4414-879C-6D0F617A8D03}.Release|Any CPU.Build.0 = Release|Any CPU
	EndGlobalSection
	GlobalSection(SolutionProperties) = preSolution
		HideSolutionNode = FALSE
	EndGlobalSection
	GlobalSection(ExtensibilityGlobals) = postSolution
		SolutionGuid = {630391DC-EDB1-41AD-B37E-538FB1646B66}
	EndGlobalSection
EndGlobal
